
Microsoft Visual Studio Solution File, Format Version 12.00
# Visual Studio Version 17
VisualStudioVersion = 17.5.33627.172
MinimumVisualStudioVersion = 10.0.40219.1
Project("{FAE04EC0-301F-11D3-BF4B-00C04F79EFBC}") = "Book_app", "Book_app\Book_app.csproj", "{94B4DD5D-E4C1-43FB-8606-DE70E8291A3B}"
EndProject
Global
	GlobalSection(SolutionConfigurationPlatforms) = preSolution
		Debug|Any CPU = Debug|Any CPU
		Release|Any CPU = Release|Any CPU
	EndGlobalSection
	GlobalSection(ProjectConfigurationPlatforms) = postSolution
		{94B4DD5D-E4C1-43FB-8606-DE70E8291A3B}.Debug|Any CPU.ActiveCfg = Debug|Any CPU
		{94B4DD5D-E4C1-43FB-8606-DE70E8291A3B}.Debug|Any CPU.Build.0 = Debug|Any CPU
		{94B4DD5D-E4C1-43FB-8606-DE70E8291A3B}.Release|Any CPU.ActiveCfg = Release|Any CPU
		{94B4DD5D-E4C1-43FB-8606-DE70E8291A3B}.Release|Any CPU.Build.0 = Release|Any CPU
	EndGlobalSection
	GlobalSection(SolutionProperties) = preSolution
		HideSolutionNode = FALSE
	EndGlobalSection
	GlobalSection(ExtensibilityGlobals) = postSolution
		SolutionGuid = {485B8DB9-4DEE-4F29-A349-C670A9FB1724}
	EndGlobalSection
EndGlobal
